
Microsoft Visual Studio Solution File, Format Version 12.00
# Visual Studio Version 16
VisualStudioVersion = 16.0.30621.155
MinimumVisualStudioVersion = 10.0.40219.1
Project("{2150E333-8FDC-42A3-9474-1A3956D46DE8}") = "c++", "c++", "{E330277B-2210-492E-955B-D02FBB0D471B}"
	ProjectSection(SolutionItems) = preProject
		c++\64位整数乘法.cpp = c++\64位整数乘法.cpp
		c++\A除B.cpp = c++\A除B.cpp
		c++\Brave Game.cpp = c++\Brave Game.cpp
		c++\CCF—— 城市规划.cpp = c++\CCF—— 城市规划.cpp
		c++\Computer.cpp = c++\Computer.cpp
		c++\ECNU——0-1背包问题.cpp = c++\ECNU——0-1背包问题.cpp
		c++\ECNU——2n皇后问题.cpp = c++\ECNU——2n皇后问题.cpp
		c++\ECNU——8皇后问题(回溯).cpp = c++\ECNU——8皇后问题(回溯).cpp
		c++\ECNU——All in All.cpp = c++\ECNU——All in All.cpp
		c++\ECNU——Arbitrage.cpp = c++\ECNU——Arbitrage.cpp
		c++\ECNU——Building Roads.cpp = c++\ECNU——Building Roads.cpp
		c++\ECNU——Easy to AC.cpp = c++\ECNU——Easy to AC.cpp
		c++\ECNU——easy to do DP.cpp = c++\ECNU——easy to do DP.cpp
		c++\ECNU——Seamild的电梯.cpp = c++\ECNU——Seamild的电梯.cpp
		c++\ECNU——Way to Escape.cpp = c++\ECNU——Way to Escape.cpp
		c++\ECNU——使用函数输出一个整数的逆序数.cpp = c++\ECNU——使用函数输出一个整数的逆序数.cpp
		c++\ECNU——华师大卫星照片.cpp = c++\ECNU——华师大卫星照片.cpp
		c++\ECNU——单词的划分.cpp = c++\ECNU——单词的划分.cpp
		c++\ECNU——和你在一起.cpp = c++\ECNU——和你在一起.cpp
		c++\ECNU——回文数字.cpp = c++\ECNU——回文数字.cpp
		c++\ECNU——围栏.cpp = c++\ECNU——围栏.cpp
		c++\ECNU——地宫取宝.cpp = c++\ECNU——地宫取宝.cpp
		c++\ECNU——大话西游.cpp = c++\ECNU——大话西游.cpp
		c++\ECNU——她的名字.cpp = c++\ECNU——她的名字.cpp
		c++\ECNU——定西.cpp = c++\ECNU——定西.cpp
		c++\ECNU——小型组合数.cpp = c++\ECNU——小型组合数.cpp
		c++\ECNU——庙会.cpp = c++\ECNU——庙会.cpp
		c++\ECNU——数塔.cpp = c++\ECNU——数塔.cpp
		c++\ECNU——数塔II.cpp = c++\ECNU——数塔II.cpp
		c++\ECNU——数塔III.cpp = c++\ECNU——数塔III.cpp
		c++\ECNU——数塔IV.cpp = c++\ECNU——数塔IV.cpp
		c++\ECNU——整数幂.cpp = c++\ECNU——整数幂.cpp
		c++\ECNU——旅游规划.cpp = c++\ECNU——旅游规划.cpp
		c++\ECNU——最大子阵.cpp = c++\ECNU——最大子阵.cpp
		c++\ECNU——最短路径.cpp = c++\ECNU——最短路径.cpp
		c++\ECNU——最短路径2.cpp = c++\ECNU——最短路径2.cpp
		c++\ECNU——最长路.cpp = c++\ECNU——最长路.cpp
		c++\ECNU——梵高先生.cpp = c++\ECNU——梵高先生.cpp
		c++\ECNU——次大黑区域.cpp = c++\ECNU——次大黑区域.cpp
		c++\ECNU——波兰表达式.cpp = c++\ECNU——波兰表达式.cpp
		c++\ECNU——波动数列.cpp = c++\ECNU——波动数列.cpp
		c++\ECNU——热河路.cpp = c++\ECNU——热河路.cpp
		c++\ECNU——符号方程求解.cpp = c++\ECNU——符号方程求解.cpp
		c++\ECNU——简单迷宫问题.cpp = c++\ECNU——简单迷宫问题.cpp
		c++\ECNU——素数环.cpp = c++\ECNU——素数环.cpp
		c++\ECNU——组网计划.cpp = c++\ECNU——组网计划.cpp
		c++\ECNU——统计字符串个数.cpp = c++\ECNU——统计字符串个数.cpp
		c++\ECNU——统计特定字串模式的个数.cpp = c++\ECNU——统计特定字串模式的个数.cpp
		c++\ECNU——罗塞塔石碑.cpp = c++\ECNU——罗塞塔石碑.cpp
		c++\ECNU——装箱问题.cpp = c++\ECNU——装箱问题.cpp
		c++\ECNU——西班牙馅饼.cpp = c++\ECNU——西班牙馅饼.cpp
		c++\ECNU——路由器.cpp = c++\ECNU——路由器.cpp
		c++\ECNU——连通.cpp = c++\ECNU——连通.cpp
		c++\How Many Tables.cpp = c++\How Many Tables.cpp
		c++\Ignatius and the Princess.cpp = c++\Ignatius and the Princess.cpp
		c++\KMP.cpp = c++\KMP.cpp
		c++\Leetcode.cpp = c++\Leetcode.cpp
		c++\NCUT——cable cable cable.cpp = c++\NCUT——cable cable cable.cpp
		c++\NCUT——三国游戏.cpp = c++\NCUT——三国游戏.cpp
		c++\NCUT——后缀字符串.cpp = c++\NCUT——后缀字符串.cpp
		c++\NCUT——整除问题.cpp = c++\NCUT——整除问题.cpp
		c++\NCUT——欧拉回路.cpp = c++\NCUT——欧拉回路.cpp
		c++\NCUT——禁止套娃.cpp = c++\NCUT——禁止套娃.cpp
		c++\PAT——害死人不偿命的(3n+1)猜想.cpp = c++\PAT——害死人不偿命的(3n+1)猜想.cpp
		c++\PTA—— I Love GPLT.cpp = c++\PTA—— I Love GPLT.cpp
		c++\PTA—— 两数相除.cpp = c++\PTA—— 两数相除.cpp
		c++\PTA—— 减一运算B.cpp = c++\PTA—— 减一运算B.cpp
		c++\PTA—— 分钟秒钟的时间相减.cpp = c++\PTA—— 分钟秒钟的时间相减.cpp
		c++\PTA—— 列车调度.cpp = c++\PTA—— 列车调度.cpp
		c++\PTA—— 剿灭魔教.cpp = c++\PTA—— 剿灭魔教.cpp
		c++\PTA—— 求解方程2.cpp = c++\PTA—— 求解方程2.cpp
		c++\PTA—— 社交集群.cpp = c++\PTA—— 社交集群.cpp
		c++\PTA——Emergency.cpp = c++\PTA——Emergency.cpp
		c++\PTA——jmu-ds-顺序表区间元素删除.cpp = c++\PTA——jmu-ds-顺序表区间元素删除.cpp
		c++\PTA——K好数.cpp = c++\PTA——K好数.cpp
		c++\PTA——Left-pad.cpp = c++\PTA——Left-pad.cpp
		c++\PTA——List Leaves.cpp = c++\PTA——List Leaves.cpp
		c++\PTA——Roadblocks.cpp = c++\PTA——Roadblocks.cpp
		c++\PTA——Root of AVL Tree.cpp = c++\PTA——Root of AVL Tree.cpp
		c++\PTA——Treap区间最大连续子段求和.cpp = c++\PTA——Treap区间最大连续子段求和.cpp
		c++\PTA——Tree Traversals Again.cpp = c++\PTA——Tree Traversals Again.cpp
		c++\PTA——{A} + {B}.cpp = c++\PTA——{A} + {B}.cpp
		c++\PTA——一元多项式求导.cpp = c++\PTA——一元多项式求导.cpp
		c++\PTA——一元多项式的乘法与加法运算.cpp = c++\PTA——一元多项式的乘法与加法运算.cpp
		c++\PTA——一帮一.cpp = c++\PTA——一帮一.cpp
		c++\PTA——两个有序链表序列的交集.cpp = c++\PTA——两个有序链表序列的交集.cpp
		c++\PTA——中位数.cpp = c++\PTA——中位数.cpp
		c++\PTA——中国剩余定理.cpp = c++\PTA——中国剩余定理.cpp
		c++\PTA——二分查找.cpp = c++\PTA——二分查找.cpp
		c++\PTA——二叉搜索树的结构.cpp = c++\PTA——二叉搜索树的结构.cpp
		c++\PTA——二叉树的遍历.cpp = c++\PTA——二叉树的遍历.cpp
		c++\PTA——互评成绩.cpp = c++\PTA——互评成绩.cpp
		c++\PTA——井字棋.cpp = c++\PTA——井字棋.cpp
		c++\PTA——交换二叉树中每个结点的左孩子和右孩子.cpp = c++\PTA——交换二叉树中每个结点的左孩子和右孩子.cpp
		c++\PTA——交换最大小数位置.cpp = c++\PTA——交换最大小数位置.cpp
		c++\PTA——公路村村通.cpp = c++\PTA——公路村村通.cpp
		c++\PTA——六度空间.cpp = c++\PTA——六度空间.cpp
		c++\PTA——关键活动.cpp = c++\PTA——关键活动.cpp
		c++\PTA——写出这个数.cpp = c++\PTA——写出这个数.cpp
		c++\PTA——出租.cpp = c++\PTA——出租.cpp
		c++\PTA——分数加法运算重载.cpp = c++\PTA——分数加法运算重载.cpp
		c++\PTA——判断DFS序列的合法性.cpp = c++\PTA——判断DFS序列的合法性.cpp
		c++\PTA——判断素数.cpp = c++\PTA——判断素数.cpp
		c++\PTA——到底是不是太胖了.cpp = c++\PTA——到底是不是太胖了.cpp
		c++\PTA——到底有多二.cpp = c++\PTA——到底有多二.cpp
		c++\PTA——前缀表达式.cpp = c++\PTA——前缀表达式.cpp
		c++\PTA——加密数.cpp = c++\PTA——加密数.cpp
		c++\PTA——反向数相加.cpp = c++\PTA——反向数相加.cpp
		c++\PTA——取子串.cpp = c++\PTA——取子串.cpp
		c++\PTA——向量关系.cpp = c++\PTA——向量关系.cpp
		c++\PTA——哈士奇打怪兽.cpp = c++\PTA——哈士奇打怪兽.cpp
		c++\PTA——喊山.cpp = c++\PTA——喊山.cpp
		c++\PTA——嘴强王者.cpp = c++\PTA——嘴强王者.cpp
		c++\PTA——地下迷宫探索.cpp = c++\PTA——地下迷宫探索.cpp
		c++\PTA——垃圾箱分布.cpp = c++\PTA——垃圾箱分布.cpp
		c++\PTA——基于词频的文件相似度.cpp = c++\PTA——基于词频的文件相似度.cpp
		c++\PTA——堆栈操作合法性.cpp = c++\PTA——堆栈操作合法性.cpp
		c++\PTA——复数相乘--运算符重载.cpp = c++\PTA——复数相乘--运算符重载.cpp
		c++\PTA——复数相加.cpp = c++\PTA——复数相加.cpp
		c++\PTA——多项式求和.cpp = c++\PTA——多项式求和.cpp
		c++\PTA——大奔的故事（一）--七岁的礼物.cpp = c++\PTA——大奔的故事（一）--七岁的礼物.cpp
		c++\PTA——大小写转换.cpp = c++\PTA——大小写转换.cpp
		c++\PTA——字符串分割拼接.cpp = c++\PTA——字符串分割拼接.cpp
		c++\PTA——字符串模式匹配.cpp = c++\PTA——字符串模式匹配.cpp
		c++\PTA——字符串输入练习.cpp = c++\PTA——字符串输入练习.cpp
		c++\PTA——完全二叉搜索树.cpp = c++\PTA——完全二叉搜索树.cpp
		c++\PTA——寻宝路线.cpp = c++\PTA——寻宝路线.cpp
		c++\PTA——懂王栽葱.cpp = c++\PTA——懂王栽葱.cpp
		c++\PTA——打印多层金字塔.cpp = c++\PTA——打印多层金字塔.cpp
		c++\PTA——找不同.cpp = c++\PTA——找不同.cpp
		c++\PTA——找出第二小的数.cpp = c++\PTA——找出第二小的数.cpp
		c++\PTA——投票.cpp = c++\PTA——投票.cpp
		c++\PTA——按纯度筛选.cpp = c++\PTA——按纯度筛选.cpp
		c++\PTA——排列组合.cpp = c++\PTA——排列组合.cpp
		c++\PTA——数字三角形.cpp = c++\PTA——数字三角形.cpp
		c++\PTA——数学思想——杨辉三角.cpp = c++\PTA——数学思想——杨辉三角.cpp
		c++\PTA——数学思想——验证猜想.cpp = c++\PTA——数学思想——验证猜想.cpp
		c++\PTA——旅游规划.cpp = c++\PTA——旅游规划.cpp
		c++\PTA——是不是堆？.cpp = c++\PTA——是不是堆？.cpp
		c++\PTA——是否同一棵二叉搜索树.cpp = c++\PTA——是否同一棵二叉搜索树.cpp
		c++\PTA——是否完全二叉搜索树.cpp = c++\PTA——是否完全二叉搜索树.cpp
		c++\PTA——晨阳哥哥的苦恼.cpp = c++\PTA——晨阳哥哥的苦恼.cpp
		c++\PTA——普奇神父.cpp = c++\PTA——普奇神父.cpp
		c++\PTA——最大公约数.cpp = c++\PTA——最大公约数.cpp
		c++\PTA——最大子列和问题.cpp = c++\PTA——最大子列和问题.cpp
		c++\PTA——最小公倍数.cpp = c++\PTA——最小公倍数.cpp
		c++\PTA——最小生成树的唯一性.cpp = c++\PTA——最小生成树的唯一性.cpp
		c++\PTA——最近距离.cpp = c++\PTA——最近距离.cpp
		c++\PTA——最长公共前后缀 .cpp = c++\PTA——最长公共前后缀 .cpp
		c++\PTA——最长连续递增子序列.cpp = c++\PTA——最长连续递增子序列.cpp
		c++\PTA——有序链表的插入.cpp = c++\PTA——有序链表的插入.cpp
		c++\PTA——构建下三角矩阵.cpp = c++\PTA——构建下三角矩阵.cpp
		c++\PTA——树的同构.cpp = c++\PTA——树的同构.cpp
		c++\PTA——树的遍历.cpp = c++\PTA——树的遍历.cpp
		c++\PTA——正整数A+B.cpp = c++\PTA——正整数A+B.cpp
		c++\PTA——水果忍者.cpp = c++\PTA——水果忍者.cpp
		c++\PTA——求1！+2！+……+n！.cpp = c++\PTA——求1！+2！+……+n！.cpp
		c++\PTA——求二叉树的叶子结点个数.cpp = c++\PTA——求二叉树的叶子结点个数.cpp
		c++\PTA——求二叉树的叶子结点个数2.cpp = c++\PTA——求二叉树的叶子结点个数2.cpp
		c++\PTA——求最大、次大和第3大的值.cpp = c++\PTA——求最大、次大和第3大的值.cpp
		c++\PTA——求最大和次大元素.cpp = c++\PTA——求最大和次大元素.cpp
		c++\PTA——求链式线性表的倒数第K项.cpp = c++\PTA——求链式线性表的倒数第K项.cpp
		c++\PTA——汉诺塔.cpp = c++\PTA——汉诺塔.cpp
		c++\PTA——汽车加油问题.cpp = c++\PTA——汽车加油问题.cpp
		c++\PTA——王牌特工3.cpp = c++\PTA——王牌特工3.cpp
		c++\PTA——玩转二叉树.cpp = c++\PTA——玩转二叉树.cpp
		c++\PTA——球的表面积.cpp = c++\PTA——球的表面积.cpp
		c++\PTA——画圆的游戏.cpp = c++\PTA——画圆的游戏.cpp
		c++\PTA——畅通工程之最低成本建设问题.cpp = c++\PTA——畅通工程之最低成本建设问题.cpp
		c++\PTA——监控.cpp = c++\PTA——监控.cpp
		c++\PTA——神奇的串串.cpp = c++\PTA——神奇的串串.cpp
		c++\PTA——符号配对.cpp = c++\PTA——符号配对.cpp
		c++\PTA——素数判定.cpp = c++\PTA——素数判定.cpp
		c++\PTA——素数平方.cpp = c++\PTA——素数平方.cpp
		c++\PTA——统计不同数字字符出现次数.cpp = c++\PTA——统计不同数字字符出现次数.cpp
		c++\PTA——统计工龄.cpp = c++\PTA——统计工龄.cpp
		c++\PTA——统计成绩2 .cpp = c++\PTA——统计成绩2 .cpp
		c++\PTA——老司机garden.cpp = c++\PTA——老司机garden.cpp
		c++\PTA——解码PAT准考证.cpp = c++\PTA——解码PAT准考证.cpp
		c++\PTA——计算时间相减.cpp = c++\PTA——计算时间相减.cpp
		c++\PTA——输出全排列.cpp = c++\PTA——输出全排列.cpp
		c++\PTA——过年了，回家吧(深度优先).cpp = c++\PTA——过年了，回家吧(深度优先).cpp
		c++\PTA——还原二叉树.cpp = c++\PTA——还原二叉树.cpp
		c++\PTA——连续素数的和.cpp = c++\PTA——连续素数的和.cpp
		c++\PTA——递归 递推.cpp = c++\PTA——递归 递推.cpp
		c++\PTA——阶乘末尾0的个数.cpp = c++\PTA——阶乘末尾0的个数.cpp
		c++\PTA——韩信点兵.cpp = c++\PTA——韩信点兵.cpp
		c++\ql的宠物笼子.cpp = c++\ql的宠物笼子.cpp
		c++\Robber.cpp = c++\Robber.cpp
		c++\二进制整数中1的个数(1).cpp = c++\二进制整数中1的个数(1).cpp
		c++\二进制整数中1的个数(2).cpp = c++\二进制整数中1的个数(2).cpp
		c++\全排列(dfs).cpp = c++\全排列(dfs).cpp
		c++\全排列.cpp = c++\全排列.cpp
		c++\关键路径.cpp = c++\关键路径.cpp
		c++\基数排序(LMD).cpp = c++\基数排序(LMD).cpp
		c++\堆排序.cpp = c++\堆排序.cpp
		c++\多项式求和.cpp = c++\多项式求和.cpp
		c++\小z的彩灯.cpp = c++\小z的彩灯.cpp
		c++\归并排序.cpp = c++\归并排序.cpp
		c++\快速排序.cpp = c++\快速排序.cpp
		c++\插入排序.cpp = c++\插入排序.cpp
		c++\树的遍历.cpp = c++\树的遍历.cpp
		c++\统计难题.cpp = c++\统计难题.cpp
		c++\背包问题（动态规划）.cpp = c++\背包问题（动态规划）.cpp
		c++\蓝桥杯—— 分考场.cpp = c++\蓝桥杯—— 分考场.cpp
		c++\蓝桥杯——Cowboys.cpp = c++\蓝桥杯——Cowboys.cpp
		c++\蓝桥杯——K好数.cpp = c++\蓝桥杯——K好数.cpp
		c++\蓝桥杯——sticks.cpp = c++\蓝桥杯——sticks.cpp
		c++\蓝桥杯——加法运算.cpp = c++\蓝桥杯——加法运算.cpp
		c++\蓝桥杯——区间k大数查询.cpp = c++\蓝桥杯——区间k大数查询.cpp
		c++\蓝桥杯——十六进制转八进制.cpp = c++\蓝桥杯——十六进制转八进制.cpp
		c++\蓝桥杯——和根植物.cpp = c++\蓝桥杯——和根植物.cpp
		c++\蓝桥杯——大小写转换.cpp = c++\蓝桥杯——大小写转换.cpp
		c++\蓝桥杯——字符串合并.cpp = c++\蓝桥杯——字符串合并.cpp
		c++\蓝桥杯——小数第n位.cpp = c++\蓝桥杯——小数第n位.cpp
		c++\蓝桥杯——打印十字图.cpp = c++\蓝桥杯——打印十字图.cpp
		c++\蓝桥杯——数据交换.cpp = c++\蓝桥杯——数据交换.cpp
		c++\蓝桥杯——最短路.cpp = c++\蓝桥杯——最短路.cpp
		c++\蓝桥杯——特殊回文数.cpp = c++\蓝桥杯——特殊回文数.cpp
		c++\蓝桥杯——计算器.cpp = c++\蓝桥杯——计算器.cpp
		c++\蓝桥杯——计算器（待解决）.cpp = c++\蓝桥杯——计算器（待解决）.cpp
		c++\蓝桥杯——道路和航路.cpp = c++\蓝桥杯——道路和航路.cpp
		c++\迷宫城堡.cpp = c++\迷宫城堡.cpp
		c++\迷宫问题(bfs).cpp = c++\迷宫问题(bfs).cpp
		c++\迷宫问题(dfs).cpp = c++\迷宫问题(dfs).cpp
		c++\选择排序.cpp = c++\选择排序.cpp
	EndProjectSection
EndProject
Project("{2150E333-8FDC-42A3-9474-1A3956D46DE8}") = "c++运行", "c++运行", "{8FBD0BFB-6D6C-4E51-AD47-3184F08F6E16}"
EndProject
Project("{2150E333-8FDC-42A3-9474-1A3956D46DE8}") = "python", "python", "{1B5EA528-8BBA-4F63-9A86-B7E25EF06D03}"
	ProjectSection(SolutionItems) = preProject
		python\CSP201312-1.py = python\CSP201312-1.py
		python\CSP201312-2.py = python\CSP201312-2.py
		python\CSP201403-1.py = python\CSP201403-1.py
		python\CSP201403-2.py = python\CSP201403-2.py
		python\CSP201409-1.py = python\CSP201409-1.py
		python\CSP201409-2.py = python\CSP201409-2.py
		python\CSP201412-1.py = python\CSP201412-1.py
		python\CSP201412-2.py = python\CSP201412-2.py
		python\CSP201412-4.py = python\CSP201412-4.py
		python\CSP201503-1.py = python\CSP201503-1.py
		python\CSP201503-2.py = python\CSP201503-2.py
		python\CSP201509-1.py = python\CSP201509-1.py
		python\CSP201509-2.py = python\CSP201509-2.py
		python\CSP201512-1.py = python\CSP201512-1.py
		python\CSP201512-2.py = python\CSP201512-2.py
		python\CSP201604-1.py = python\CSP201604-1.py
		python\CSP201604-2.py = python\CSP201604-2.py
		python\CSP201609-1.py = python\CSP201609-1.py
		python\CSP201609-2.py = python\CSP201609-2.py
		python\CSP201612-1.py = python\CSP201612-1.py
		python\CSP201612-2.py = python\CSP201612-2.py
		python\CSP201703-1.py = python\CSP201703-1.py
		python\CSP201703-2.py = python\CSP201703-2.py
		python\CSP201703-4.py = python\CSP201703-4.py
		python\CSP201709-1.py = python\CSP201709-1.py
		python\CSP201709-2.py = python\CSP201709-2.py
		python\CSP201709-4.py = python\CSP201709-4.py
		python\CSP201712-1.py = python\CSP201712-1.py
		python\CSP201712-2.py = python\CSP201712-2.py
		python\CSP201712-4.py = python\CSP201712-4.py
		python\CSP201803-1.py = python\CSP201803-1.py
		python\CSP201803-2.py = python\CSP201803-2.py
		python\CSP201803-3.py = python\CSP201803-3.py
		python\CSP201803-4.py = python\CSP201803-4.py
		python\CSP201809-1.py = python\CSP201809-1.py
		python\CSP201809-2.py = python\CSP201809-2.py
		python\CSP201812-1.py = python\CSP201812-1.py
		python\CSP201812-2.py = python\CSP201812-2.py
		python\CSP201812-4.py = python\CSP201812-4.py
		python\多项式计算.py = python\多项式计算.py
	EndProjectSection
EndProject
Global
	GlobalSection(SolutionProperties) = preSolution
		HideSolutionNode = FALSE
	EndGlobalSection
	GlobalSection(ExtensibilityGlobals) = postSolution
		SolutionGuid = {C4E5C0AB-E73D-4890-B7A1-90391EFBB59A}
	EndGlobalSection
EndGlobal
